
Microsoft Visual Studio Solution File, Format Version 12.00
# Visual Studio Version 17
VisualStudioVersion = 17.11.35327.3
MinimumVisualStudioVersion = 10.0.40219.1
Project("{FAE04EC0-301F-11D3-BF4B-00C04F79EFBC}") = "WindowsFormsApp1", "WindowsFormsApp1\WindowsFormsApp1.csproj", "{F735D99A-6341-4E92-8D8A-6EF89866AE49}"
EndProject
Project("{2150E333-8FDC-42A3-9474-1A3956D46DE8}") = "img", "img", "{BE150843-C5C6-463B-9941-3E2A39300E6D}"
	ProjectSection(SolutionItems) = preProject
		WindowsFormsApp1\img\archerTowerIcon.png = WindowsFormsApp1\img\archerTowerIcon.png
		WindowsFormsApp1\img\knightTowerIcon.png = WindowsFormsApp1\img\knightTowerIcon.png
		WindowsFormsApp1\img\magicTowerIcon.png = WindowsFormsApp1\img\magicTowerIcon.png
		WindowsFormsApp1\img\zombieIcon.png = WindowsFormsApp1\img\zombieIcon.png
	EndProjectSection
EndProject
Global
	GlobalSection(SolutionConfigurationPlatforms) = preSolution
		Debug|Any CPU = Debug|Any CPU
		Release|Any CPU = Release|Any CPU
	EndGlobalSection
	GlobalSection(ProjectConfigurationPlatforms) = postSolution
		{F735D99A-6341-4E92-8D8A-6EF89866AE49}.Debug|Any CPU.ActiveCfg = Debug|Any CPU
		{F735D99A-6341-4E92-8D8A-6EF89866AE49}.Debug|Any CPU.Build.0 = Debug|Any CPU
		{F735D99A-6341-4E92-8D8A-6EF89866AE49}.Release|Any CPU.ActiveCfg = Release|Any CPU
		{F735D99A-6341-4E92-8D8A-6EF89866AE49}.Release|Any CPU.Build.0 = Release|Any CPU
	EndGlobalSection
	GlobalSection(SolutionProperties) = preSolution
		HideSolutionNode = FALSE
	EndGlobalSection
	GlobalSection(ExtensibilityGlobals) = postSolution
		SolutionGuid = {703D5DA8-A4DF-4BA2-936A-65E76B47B68F}
	EndGlobalSection
EndGlobal
